// !$*UTF8*$!
{
	archiveVersion = 1;
	classes = {
	};
	objectVersion = 50;
	objects = {

/* Begin PBXBuildFile section */
		5DA8428B26B3DC2C004C327C /* AppDelegate.swift in Sources */ = {isa = PBXBuildFile; fileRef = 5DA8428A26B3DC2C004C327C /* AppDelegate.swift */; };
		5DA8428D26B3DC2C004C327C /* SceneDelegate.swift in Sources */ = {isa = PBXBuildFile; fileRef = 5DA8428C26B3DC2C004C327C /* SceneDelegate.swift */; };
		5DA8428F26B3DC2C004C327C /* ViewController.swift in Sources */ = {isa = PBXBuildFile; fileRef = 5DA8428E26B3DC2C004C327C /* ViewController.swift */; };
		5DA8429226B3DC2C004C327C /* Main.storyboard in Resources */ = {isa = PBXBuildFile; fileRef = 5DA8429026B3DC2C004C327C /* Main.storyboard */; };
		5DA8429426B3DC31004C327C /* Assets.xcassets in Resources */ = {isa = PBXBuildFile; fileRef = 5DA8429326B3DC31004C327C /* Assets.xcassets */; };
		5DA8429726B3DC31004C327C /* LaunchScreen.storyboard in Resources */ = {isa = PBXBuildFile; fileRef = 5DA8429526B3DC31004C327C /* LaunchScreen.storyboard */; };
/* End PBXBuildFile section */

/* Begin PBXFileReference section */
		5DA8428726B3DC2C004C327C /* Swift Practice # 48 location check.app */ = {isa = PBXFileReference; explicitFileType = wrapper.application; includeInIndex = 0; path = "Swift Practice # 48 location check.app"; sourceTree = BUILT_PRODUCTS_DIR; };
		5DA8428A26B3DC2C004C327C /* AppDelegate.swift */ = {isa = PBXFileReference; lastKnownFileType = sourcecode.swift; path = AppDelegate.swift; sourceTree = "<group>"; };
		5DA8428C26B3DC2C004C327C /* SceneDelegate.swift */ = {isa = PBXFileReference; lastKnownFileType = sourcecode.swift; path = SceneDelegate.swift; sourceTree = "<group>"; };
		5DA8428E26B3DC2C004C327C /* ViewController.swift */ = {isa = PBXFileReference; lastKnownFileType = sourcecode.swift; path = ViewController.swift; sourceTree = "<group>"; };
		5DA8429126B3DC2C004C327C /* Base */ = {isa = PBXFileReference; lastKnownFileType = file.storyboard; name = Base; path = Base.lproj/Main.storyboard; sourceTree = "<group>"; };
		5DA8429326B3DC31004C327C /* Assets.xcassets */ = {isa = PBXFileReference; lastKnownFileType = folder.assetcatalog; path = Assets.xcassets; sourceTree = "<group>"; };
		5DA8429626B3DC31004C327C /* Base */ = {isa = PBXFileReference; lastKnownFileType = file.storyboard; name = Base; path = Base.lproj/LaunchScreen.storyboard; sourceTree = "<group>"; };
		5DA8429826B3DC31004C327C /* Info.plist */ = {isa = PBXFileReference; lastKnownFileType = text.plist.xml; path = Info.plist; sourceTree = "<group>"; };
/* End PBXFileReference section */

/* Begin PBXFrameworksBuildPhase section */
		5DA8428426B3DC2C004C327C /* Frameworks */ = {
			isa = PBXFrameworksBuildPhase;
			buildActionMask = 2147483647;
			files = (
			);
			runOnlyForDeploymentPostprocessing = 0;
		};
/* End PBXFrameworksBuildPhase section */

/* Begin PBXGroup section */
		5DA8427E26B3DC2C004C327C = {
			isa = PBXGroup;
			children = (
				5DA8428926B3DC2C004C327C /* Swift Practice # 48 location check */,
				5DA8428826B3DC2C004C327C /* Products */,
			);
			sourceTree = "<group>";
		};
		5DA8428826B3DC2C004C327C /* Products */ = {
			isa = PBXGroup;
			children = (
				5DA8428726B3DC2C004C327C /* Swift Practice # 48 location check.app */,
			);
			name = Products;
			sourceTree = "<group>";
		};
		5DA8428926B3DC2C004C327C /* Swift Practice # 48 location check */ = {
			isa = PBXGroup;
			children = (
				5DA8428A26B3DC2C004C327C /* AppDelegate.swift */,
				5DA8428C26B3DC2C004C327C /* SceneDelegate.swift */,
				5DA8428E26B3DC2C004C327C /* ViewController.swift */,
				5DA8429026B3DC2C004C327C /* Main.storyboard */,
				5DA8429326B3DC31004C327C /* Assets.xcassets */,
				5DA8429526B3DC31004C327C /* LaunchScreen.storyboard */,
				5DA8429826B3DC31004C327C /* Info.plist */,
			);
			path = "Swift Practice # 48 location check";
			sourceTree = "<group>";
		};
/* End PBXGroup section */

/* Begin PBXNativeTarget section */
		5DA8428626B3DC2C004C327C /* Swift Practice # 48 location check */ = {
			isa = PBXNativeTarget;
			buildConfigurationList = 5DA8429B26B3DC31004C327C /* Build configuration list for PBXNativeTarget "Swift Practice # 48 location check" */;
			buildPhases = (
				5DA8428326B3DC2C004C327C /* Sources */,
				5DA8428426B3DC2C004C327C /* Frameworks */,
				5DA8428526B3DC2C004C327C /* Resources */,
			);
			buildRules = (
			);
			dependencies = (
			);
			name = "Swift Practice # 48 location check";
			productName = "Swift Practice # 48 location check";
			productReference = 5DA8428726B3DC2C004C327C /* Swift Practice # 48 location check.app */;
			productType = "com.apple.product-type.application";
		};
/* End PBXNativeTarget section */

/* Begin PBXProject section */
		5DA8427F26B3DC2C004C327C /* Project object */ = {
			isa = PBXProject;
			attributes = {
				LastSwiftUpdateCheck = 1250;
				LastUpgradeCheck = 1250;
				TargetAttributes = {
					5DA8428626B3DC2C004C327C = {
						CreatedOnToolsVersion = 12.5;
					};
				};
			};
			buildConfigurationList = 5DA8428226B3DC2C004C327C /* Build configuration list for PBXProject "Swift Practice # 48 location check" */;
			compatibilityVersion = "Xcode 9.3";
			developmentRegion = en;
			hasScannedForEncodings = 0;
			knownRegions = (
				en,
				Base,
			);
			mainGroup = 5DA8427E26B3DC2C004C327C;
			productRefGroup = 5DA8428826B3DC2C004C327C /* Products */;
			projectDirPath = "";
			projectRoot = "";
			targets = (
				5DA8428626B3DC2C004C327C /* Swift Practice # 48 location check */,
			);
		};
/* End PBXProject section */

/* Begin PBXResourcesBuildPhase section */
		5DA8428526B3DC2C004C327C /* Resources */ = {
			isa = PBXResourcesBuildPhase;
			buildActionMask = 2147483647;
			files = (
				5DA8429726B3DC31004C327C /* LaunchScreen.storyboard in Resources */,
				5DA8429426B3DC31004C327C /* Assets.xcassets in Resources */,
				5DA8429226B3DC2C004C327C /* Main.storyboard in Resources */,
			);
			runOnlyForDeploymentPostprocessing = 0;
		};
/* End PBXResourcesBuildPhase section */

/* Begin PBXSourcesBuildPhase section */
		5DA8428326B3DC2C004C327C /* Sources */ = {
			isa = PBXSourcesBuildPhase;
			buildActionMask = 2147483647;
			files = (
				5DA8428F26B3DC2C004C327C /* ViewController.swift in Sources */,
				5DA8428B26B3DC2C004C327C /* AppDelegate.swift in Sources */,
				5DA8428D26B3DC2C004C327C /* SceneDelegate.swift in Sources */,
			);
			runOnlyForDeploymentPostprocessing = 0;
		};
/* End PBXSourcesBuildPhase section */

/* Begin PBXVariantGroup section */
		5DA8429026B3DC2C004C327C /* Main.storyboard */ = {
			isa = PBXVariantGroup;
			children = (
				5DA8429126B3DC2C004C327C /* Base */,
			);
			name = Main.storyboard;
			sourceTree = "<group>";
		};
		5DA8429526B3DC31004C327C /* LaunchScreen.storyboard */ = {
			isa = PBXVariantGroup;
			children = (
				5DA8429626B3DC31004C327C /* Base */,
			);
			name = LaunchScreen.storyboard;
			sourceTree = "<group>";
		};
/* End PBXVariantGroup section */

/* Begin XCBuildConfiguration section */
		5DA8429926B3DC31004C327C /* Debug */ = {
			isa = XCBuildConfiguration;
			buildSettings = {
				ALWAYS_SEARCH_USER_PATHS = NO;
				CLANG_ANALYZER_NONNULL = YES;
				CLANG_ANALYZER_NUMBER_OBJECT_CONVERSION = YES_AGGRESSIVE;
				CLANG_CXX_LANGUAGE_STANDARD = "gnu++14";
				CLANG_CXX_LIBRARY = "libc++";
				CLANG_ENABLE_MODULES = YES;
				CLANG_ENABLE_OBJC_ARC = YES;
				CLANG_ENABLE_OBJC_WEAK = YES;
				CLANG_WARN_BLOCK_CAPTURE_AUTORELEASING = YES;
				CLANG_WARN_BOOL_CONVERSION = YES;
				CLANG_WARN_COMMA = YES;
				CLANG_WARN_CONSTANT_CONVERSION = YES;
				CLANG_WARN_DEPRECATED_OBJC_IMPLEMENTATIONS = YES;
				CLANG_WARN_DIRECT_OBJC_ISA_USAGE = YES_ERROR;
				CLANG_WARN_DOCUMENTATION_COMMENTS = YES;
				CLANG_WARN_EMPTY_BODY = YES;
				CLANG_WARN_ENUM_CONVERSION = YES;
				CLANG_WARN_INFINITE_RECURSION = YES;
				CLANG_WARN_INT_CONVERSION = YES;
				CLANG_WARN_NON_LITERAL_NULL_CONVERSION = YES;
				CLANG_WARN_OBJC_IMPLICIT_RETAIN_SELF = YES;
				CLANG_WARN_OBJC_LITERAL_CONVERSION = YES;
				CLANG_WARN_OBJC_ROOT_CLASS = YES_ERROR;
				CLANG_WARN_QUOTED_INCLUDE_IN_FRAMEWORK_HEADER = YES;
				CLANG_WARN_RANGE_LOOP_ANALYSIS = YES;
				CLANG_WARN_STRICT_PROTOTYPES = YES;
				CLANG_WARN_SUSPICIOUS_MOVE = YES;
				CLANG_WARN_UNGUARDED_AVAILABILITY = YES_AGGRESSIVE;
				CLANG_WARN_UNREACHABLE_CODE = YES;
				CLANG_WARN__DUPLICATE_METHOD_MATCH = YES;
				COPY_PHASE_STRIP = NO;
				DEBUG_INFORMATION_FORMAT = dwarf;
				ENABLE_STRICT_OBJC_MSGSEND = YES;
				ENABLE_TESTABILITY = YES;
				GCC_C_LANGUAGE_STANDARD = gnu11;
				GCC_DYNAMIC_NO_PIC = NO;
				GCC_NO_COMMON_BLOCKS = YES;
				GCC_OPTIMIZATION_LEVEL = 0;
				GCC_PREPROCESSOR_DEFINITIONS = (
					"DEBUG=1",
					"$(inherited)",
				);
				GCC_WARN_64_TO_32_BIT_CONVERSION = YES;
				GCC_WARN_ABOUT_RETURN_TYPE = YES_ERROR;
				GCC_WARN_UNDECLARED_SELECTOR = YES;
				GCC_WARN_UNINITIALIZED_AUTOS = YES_AGGRESSIVE;
				GCC_WARN_UNUSED_FUNCTION = YES;
				GCC_WARN_UNUSED_VARIABLE = YES;
				IPHONEOS_DEPLOYMENT_TARGET = 14.5;
				MTL_ENABLE_DEBUG_INFO = INCLUDE_SOURCE;
				MTL_FAST_MATH = YES;
				ONLY_ACTIVE_ARCH = YES;
				SDKROOT = iphoneos;
				SWIFT_ACTIVE_COMPILATION_CONDITIONS = DEBUG;
				SWIFT_OPTIMIZATION_LEVEL = "-Onone";
			};
			name = Debug;
		};
		5DA8429A26B3DC31004C327C /* Release */ = {
			isa = XCBuildConfiguration;
			buildSettings = {
				ALWAYS_SEARCH_USER_PATHS = NO;
				CLANG_ANALYZER_NONNULL = YES;
				CLANG_ANALYZER_NUMBER_OBJECT_CONVERSION = YES_AGGRESSIVE;
				CLANG_CXX_LANGUAGE_STANDARD = "gnu++14";
				CLANG_CXX_LIBRARY = "libc++";
				CLANG_ENABLE_MODULES = YES;
				CLANG_ENABLE_OBJC_ARC = YES;
				CLANG_ENABLE_OBJC_WEAK = YES;
				CLANG_WARN_BLOCK_CAPTURE_AUTORELEASING = YES;
				CLANG_WARN_BOOL_CONVERSION = YES;
				CLANG_WARN_COMMA = YES;
				CLANG_WARN_CONSTANT_CONVERSION = YES;
				CLANG_WARN_DEPRECATED_OBJC_IMPLEMENTATIONS = YES;
				CLANG_WARN_DIRECT_OBJC_ISA_USAGE = YES_ERROR;
				CLANG_WARN_DOCUMENTATION_COMMENTS = YES;
				CLANG_WARN_EMPTY_BODY = YES;
				CLANG_WARN_ENUM_CONVERSION = YES;
				CLANG_WARN_INFINITE_RECURSION = YES;
				CLANG_WARN_INT_CONVERSION = YES;
				CLANG_WARN_NON_LITERAL_NULL_CONVERSION = YES;
				CLANG_WARN_OBJC_IMPLICIT_RETAIN_SELF = YES;
				CLANG_WARN_OBJC_LITERAL_CONVERSION = YES;
				CLANG_WARN_OBJC_ROOT_CLASS = YES_ERROR;
				CLANG_WARN_QUOTED_INCLUDE_IN_FRAMEWORK_HEADER = YES;
				CLANG_WARN_RANGE_LOOP_ANALYSIS = YES;
				CLANG_WARN_STRICT_PROTOTYPES = YES;
				CLANG_WARN_SUSPICIOUS_MOVE = YES;
				CLANG_WARN_UNGUARDED_AVAILABILITY = YES_AGGRESSIVE;
				CLANG_WARN_UNREACHABLE_CODE = YES;
				CLANG_WARN__DUPLICATE_METHOD_MATCH = YES;
				COPY_PHASE_STRIP = NO;
				DEBUG_INFORMATION_FORMAT = "dwarf-with-dsym";
				ENABLE_NS_ASSERTIONS = NO;
				ENABLE_STRICT_OBJC_MSGSEND = YES;
				GCC_C_LANGUAGE_STANDARD = gnu11;
				GCC_NO_COMMON_BLOCKS = YES;
				GCC_WARN_64_TO_32_BIT_CONVERSION = YES;
				GCC_WARN_ABOUT_RETURN_TYPE = YES_ERROR;
				GCC_WARN_UNDECLARED_SELECTOR = YES;
				GCC_WARN_UNINITIALIZED_AUTOS = YES_AGGRESSIVE;
				GCC_WARN_UNUSED_FUNCTION = YES;
				GCC_WARN_UNUSED_VARIABLE = YES;
				IPHONEOS_DEPLOYMENT_TARGET = 14.5;
				MTL_ENABLE_DEBUG_INFO = NO;
				MTL_FAST_MATH = YES;
				SDKROOT = iphoneos;
				SWIFT_COMPILATION_MODE = wholemodule;
				SWIFT_OPTIMIZATION_LEVEL = "-O";
				VALIDATE_PRODUCT = YES;
			};
			name = Release;
		};
		5DA8429C26B3DC31004C327C /* Debug */ = {
			isa = XCBuildConfiguration;
			buildSettings = {
				ASSETCATALOG_COMPILER_APPICON_NAME = AppIcon;
				ASSETCATALOG_COMPILER_GLOBAL_ACCENT_COLOR_NAME = AccentColor;
				CODE_SIGN_STYLE = Automatic;
				DEVELOPMENT_TEAM = 4R6R23ZPJ5;
				INFOPLIST_FILE = "Swift Practice # 48 location check/Info.plist";
				LD_RUNPATH_SEARCH_PATHS = (
					"$(inherited)",
					"@executable_path/Frameworks",
				);
				PRODUCT_BUNDLE_IDENTIFIER = "Dogpa.Swift-Practice---48-location-check";
				PRODUCT_NAME = "$(TARGET_NAME)";
				SWIFT_VERSION = 5.0;
				TARGETED_DEVICE_FAMILY = "1,2";
			};
			name = Debug;
		};
		5DA8429D26B3DC31004C327C /* Release */ = {
			isa = XCBuildConfiguration;
			buildSettings = {
				ASSETCATALOG_COMPILER_APPICON_NAME = AppIcon;
				ASSETCATALOG_COMPILER_GLOBAL_ACCENT_COLOR_NAME = AccentColor;
				CODE_SIGN_STYLE = Automatic;
				DEVELOPMENT_TEAM = 4R6R23ZPJ5;
				INFOPLIST_FILE = "Swift Practice # 48 location check/Info.plist";
				LD_RUNPATH_SEARCH_PATHS = (
					"$(inherited)",
					"@executable_path/Frameworks",
				);
				PRODUCT_BUNDLE_IDENTIFIER = "Dogpa.Swift-Practice---48-location-check";
				PRODUCT_NAME = "$(TARGET_NAME)";
				SWIFT_VERSION = 5.0;
				TARGETED_DEVICE_FAMILY = "1,2";
			};
			name = Release;
		};
/* End XCBuildConfiguration section */

/* Begin XCConfigurationList section */
		5DA8428226B3DC2C004C327C /* Build configuration list for PBXProject "Swift Practice # 48 location check" */ = {
			isa = XCConfigurationList;
			buildConfigurations = (
				5DA8429926B3DC31004C327C /* Debug */,
				5DA8429A26B3DC31004C327C /* Release */,
			);
			defaultConfigurationIsVisible = 0;
			defaultConfigurationName = Release;
		};
		5DA8429B26B3DC31004C327C /* Build configuration list for PBXNativeTarget "Swift Practice # 48 location check" */ = {
			isa = XCConfigurationList;
			buildConfigurations = (
				5DA8429C26B3DC31004C327C /* Debug */,
				5DA8429D26B3DC31004C327C /* Release */,
			);
			defaultConfigurationIsVisible = 0;
			defaultConfigurationName = Release;
		};
/* End XCConfigurationList section */
	};
	rootObject = 5DA8427F26B3DC2C004C327C /* Project object */;
}
